
Microsoft Visual Studio Solution File, Format Version 12.00
# Visual Studio Version 17
VisualStudioVersion = 17.0.31912.275
MinimumVisualStudioVersion = 10.0.40219.1
Project("{FAE04EC0-301F-11D3-BF4B-00C04F79EFBC}") = "Cars", "Cars\Cars.csproj", "{5687190E-8F1C-4229-ACBA-198622B472C2}"
EndProject
Global
	GlobalSection(SolutionConfigurationPlatforms) = preSolution
		Debug|Any CPU = Debug|Any CPU
		Release|Any CPU = Release|Any CPU
	EndGlobalSection
	GlobalSection(ProjectConfigurationPlatforms) = postSolution
		{5687190E-8F1C-4229-ACBA-198622B472C2}.Debug|Any CPU.ActiveCfg = Debug|Any CPU
		{5687190E-8F1C-4229-ACBA-198622B472C2}.Debug|Any CPU.Build.0 = Debug|Any CPU
		{5687190E-8F1C-4229-ACBA-198622B472C2}.Release|Any CPU.ActiveCfg = Release|Any CPU
		{5687190E-8F1C-4229-ACBA-198622B472C2}.Release|Any CPU.Build.0 = Release|Any CPU
	EndGlobalSection
	GlobalSection(SolutionProperties) = preSolution
		HideSolutionNode = FALSE
	EndGlobalSection
	GlobalSection(ExtensibilityGlobals) = postSolution
		SolutionGuid = {EFEFFFD1-5CC5-45C6-B86A-6E001755B030}
	EndGlobalSection
EndGlobal
